
Microsoft Visual Studio Solution File, Format Version 12.00
# Visual Studio 15
VisualStudioVersion = 15.0.27428.2043
MinimumVisualStudioVersion = 10.0.40219.1
Project("{2150E333-8FDC-42A3-9474-1A3956D46DE8}") = "src", "src", "{111D1566-C19E-4A9F-B8E6-AB659DFAD4CC}"
EndProject
Project("{9A19103F-16F7-4668-BE54-9A1E7A4F7556}") = "TelegramBotClients", "src\TelegramBotClients\TelegramBotClients.csproj", "{AC7AA458-4FE7-483C-BF0E-6587A22A4423}"
EndProject
Global
	GlobalSection(SolutionConfigurationPlatforms) = preSolution
		Debug|Any CPU = Debug|Any CPU
		Release|Any CPU = Release|Any CPU
	EndGlobalSection
	GlobalSection(ProjectConfigurationPlatforms) = postSolution
		{AC7AA458-4FE7-483C-BF0E-6587A22A4423}.Debug|Any CPU.ActiveCfg = Debug|Any CPU
		{AC7AA458-4FE7-483C-BF0E-6587A22A4423}.Debug|Any CPU.Build.0 = Debug|Any CPU
		{AC7AA458-4FE7-483C-BF0E-6587A22A4423}.Release|Any CPU.ActiveCfg = Release|Any CPU
		{AC7AA458-4FE7-483C-BF0E-6587A22A4423}.Release|Any CPU.Build.0 = Release|Any CPU
	EndGlobalSection
	GlobalSection(SolutionProperties) = preSolution
		HideSolutionNode = FALSE
	EndGlobalSection
	GlobalSection(NestedProjects) = preSolution
		{AC7AA458-4FE7-483C-BF0E-6587A22A4423} = {111D1566-C19E-4A9F-B8E6-AB659DFAD4CC}
	EndGlobalSection
	GlobalSection(ExtensibilityGlobals) = postSolution
		SolutionGuid = {B9CAA321-FBB7-4694-B2FB-4073A7BFAB75}
	EndGlobalSection
EndGlobal
